// !$*UTF8*$!
{
	archiveVersion = 1;
	classes = {
	};
	objectVersion = 56;
	objects = {

/* Begin PBXBuildFile section */
		819109E02CD10EA9006C0DA5 /* Demo_deleteApp.swift in Sources */ = {isa = PBXBuildFile; fileRef = 819109DF2CD10EA9006C0DA5 /* Demo_deleteApp.swift */; };
		819109E22CD10EA9006C0DA5 /* ContentView.swift in Sources */ = {isa = PBXBuildFile; fileRef = 819109E12CD10EA9006C0DA5 /* ContentView.swift */; };
		819109E42CD10EAA006C0DA5 /* Assets.xcassets in Resources */ = {isa = PBXBuildFile; fileRef = 819109E32CD10EAA006C0DA5 /* Assets.xcassets */; };
		819109E82CD10EAA006C0DA5 /* Preview Assets.xcassets in Resources */ = {isa = PBXBuildFile; fileRef = 819109E72CD10EAA006C0DA5 /* Preview Assets.xcassets */; };
		819109F22CD10EAD006C0DA5 /* Demo_deleteTests.swift in Sources */ = {isa = PBXBuildFile; fileRef = 819109F12CD10EAD006C0DA5 /* Demo_deleteTests.swift */; };
		819109FC2CD10EAD006C0DA5 /* Demo_deleteUITests.swift in Sources */ = {isa = PBXBuildFile; fileRef = 819109FB2CD10EAD006C0DA5 /* Demo_deleteUITests.swift */; };
		819109FE2CD10EAD006C0DA5 /* Demo_deleteUITestsLaunchTests.swift in Sources */ = {isa = PBXBuildFile; fileRef = 819109FD2CD10EAD006C0DA5 /* Demo_deleteUITestsLaunchTests.swift */; };
/* End PBXBuildFile section */

/* Begin PBXContainerItemProxy section */
		819109EE2CD10EAD006C0DA5 /* PBXContainerItemProxy */ = {
			isa = PBXContainerItemProxy;
			containerPortal = 819109D42CD10EA9006C0DA5 /* Project object */;
			proxyType = 1;
			remoteGlobalIDString = 819109DB2CD10EA9006C0DA5;
			remoteInfo = Demo_delete;
		};
		819109F82CD10EAD006C0DA5 /* PBXContainerItemProxy */ = {
			isa = PBXContainerItemProxy;
			containerPortal = 819109D42CD10EA9006C0DA5 /* Project object */;
			proxyType = 1;
			remoteGlobalIDString = 819109DB2CD10EA9006C0DA5;
			remoteInfo = Demo_delete;
		};
/* End PBXContainerItemProxy section */

/* Begin PBXFileReference section */
		819109DC2CD10EA9006C0DA5 /* Demo_delete.app */ = {isa = PBXFileReference; explicitFileType = wrapper.application; includeInIndex = 0; path = Demo_delete.app; sourceTree = BUILT_PRODUCTS_DIR; };
		819109DF2CD10EA9006C0DA5 /* Demo_deleteApp.swift */ = {isa = PBXFileReference; lastKnownFileType = sourcecode.swift; path = Demo_deleteApp.swift; sourceTree = "<group>"; };
		819109E12CD10EA9006C0DA5 /* ContentView.swift */ = {isa = PBXFileReference; lastKnownFileType = sourcecode.swift; path = ContentView.swift; sourceTree = "<group>"; };
		819109E32CD10EAA006C0DA5 /* Assets.xcassets */ = {isa = PBXFileReference; lastKnownFileType = folder.assetcatalog; path = Assets.xcassets; sourceTree = "<group>"; };
		819109E52CD10EAA006C0DA5 /* Demo_delete.entitlements */ = {isa = PBXFileReference; lastKnownFileType = text.plist.entitlements; path = Demo_delete.entitlements; sourceTree = "<group>"; };
		819109E72CD10EAA006C0DA5 /* Preview Assets.xcassets */ = {isa = PBXFileReference; lastKnownFileType = folder.assetcatalog; path = "Preview Assets.xcassets"; sourceTree = "<group>"; };
		819109ED2CD10EAD006C0DA5 /* Demo_deleteTests.xctest */ = {isa = PBXFileReference; explicitFileType = wrapper.cfbundle; includeInIndex = 0; path = Demo_deleteTests.xctest; sourceTree = BUILT_PRODUCTS_DIR; };
		819109F12CD10EAD006C0DA5 /* Demo_deleteTests.swift */ = {isa = PBXFileReference; lastKnownFileType = sourcecode.swift; path = Demo_deleteTests.swift; sourceTree = "<group>"; };
		819109F72CD10EAD006C0DA5 /* Demo_deleteUITests.xctest */ = {isa = PBXFileReference; explicitFileType = wrapper.cfbundle; includeInIndex = 0; path = Demo_deleteUITests.xctest; sourceTree = BUILT_PRODUCTS_DIR; };
		819109FB2CD10EAD006C0DA5 /* Demo_deleteUITests.swift */ = {isa = PBXFileReference; lastKnownFileType = sourcecode.swift; path = Demo_deleteUITests.swift; sourceTree = "<group>"; };
		819109FD2CD10EAD006C0DA5 /* Demo_deleteUITestsLaunchTests.swift */ = {isa = PBXFileReference; lastKnownFileType = sourcecode.swift; path = Demo_deleteUITestsLaunchTests.swift; sourceTree = "<group>"; };
/* End PBXFileReference section */

/* Begin PBXFrameworksBuildPhase section */
		819109D92CD10EA9006C0DA5 /* Frameworks */ = {
			isa = PBXFrameworksBuildPhase;
			buildActionMask = 2147483647;
			files = (
			);
			runOnlyForDeploymentPostprocessing = 0;
		};
		819109EA2CD10EAD006C0DA5 /* Frameworks */ = {
			isa = PBXFrameworksBuildPhase;
			buildActionMask = 2147483647;
			files = (
			);
			runOnlyForDeploymentPostprocessing = 0;
		};
		819109F42CD10EAD006C0DA5 /* Frameworks */ = {
			isa = PBXFrameworksBuildPhase;
			buildActionMask = 2147483647;
			files = (
			);
			runOnlyForDeploymentPostprocessing = 0;
		};
/* End PBXFrameworksBuildPhase section */

/* Begin PBXGroup section */
		819109D32CD10EA8006C0DA5 = {
			isa = PBXGroup;
			children = (
				819109DE2CD10EA9006C0DA5 /* Demo_delete */,
				819109F02CD10EAD006C0DA5 /* Demo_deleteTests */,
				819109FA2CD10EAD006C0DA5 /* Demo_deleteUITests */,
				819109DD2CD10EA9006C0DA5 /* Products */,
			);
			sourceTree = "<group>";
		};
		819109DD2CD10EA9006C0DA5 /* Products */ = {
			isa = PBXGroup;
			children = (
				819109DC2CD10EA9006C0DA5 /* Demo_delete.app */,
				819109ED2CD10EAD006C0DA5 /* Demo_deleteTests.xctest */,
				819109F72CD10EAD006C0DA5 /* Demo_deleteUITests.xctest */,
			);
			name = Products;
			sourceTree = "<group>";
		};
		819109DE2CD10EA9006C0DA5 /* Demo_delete */ = {
			isa = PBXGroup;
			children = (
				819109DF2CD10EA9006C0DA5 /* Demo_deleteApp.swift */,
				819109E12CD10EA9006C0DA5 /* ContentView.swift */,
				819109E32CD10EAA006C0DA5 /* Assets.xcassets */,
				819109E52CD10EAA006C0DA5 /* Demo_delete.entitlements */,
				819109E62CD10EAA006C0DA5 /* Preview Content */,
			);
			path = Demo_delete;
			sourceTree = "<group>";
		};
		819109E62CD10EAA006C0DA5 /* Preview Content */ = {
			isa = PBXGroup;
			children = (
				819109E72CD10EAA006C0DA5 /* Preview Assets.xcassets */,
			);
			path = "Preview Content";
			sourceTree = "<group>";
		};
		819109F02CD10EAD006C0DA5 /* Demo_deleteTests */ = {
			isa = PBXGroup;
			children = (
				819109F12CD10EAD006C0DA5 /* Demo_deleteTests.swift */,
			);
			path = Demo_deleteTests;
			sourceTree = "<group>";
		};
		819109FA2CD10EAD006C0DA5 /* Demo_deleteUITests */ = {
			isa = PBXGroup;
			children = (
				819109FB2CD10EAD006C0DA5 /* Demo_deleteUITests.swift */,
				819109FD2CD10EAD006C0DA5 /* Demo_deleteUITestsLaunchTests.swift */,
			);
			path = Demo_deleteUITests;
			sourceTree = "<group>";
		};
/* End PBXGroup section */

/* Begin PBXNativeTarget section */
		819109DB2CD10EA9006C0DA5 /* Demo_delete */ = {
			isa = PBXNativeTarget;
			buildConfigurationList = 81910A012CD10EAD006C0DA5 /* Build configuration list for PBXNativeTarget "Demo_delete" */;
			buildPhases = (
				819109D82CD10EA9006C0DA5 /* Sources */,
				819109D92CD10EA9006C0DA5 /* Frameworks */,
				819109DA2CD10EA9006C0DA5 /* Resources */,
			);
			buildRules = (
			);
			dependencies = (
			);
			name = Demo_delete;
			productName = Demo_delete;
			productReference = 819109DC2CD10EA9006C0DA5 /* Demo_delete.app */;
			productType = "com.apple.product-type.application";
		};
		819109EC2CD10EAD006C0DA5 /* Demo_deleteTests */ = {
			isa = PBXNativeTarget;
			buildConfigurationList = 81910A042CD10EAD006C0DA5 /* Build configuration list for PBXNativeTarget "Demo_deleteTests" */;
			buildPhases = (
				819109E92CD10EAD006C0DA5 /* Sources */,
				819109EA2CD10EAD006C0DA5 /* Frameworks */,
				819109EB2CD10EAD006C0DA5 /* Resources */,
			);
			buildRules = (
			);
			dependencies = (
				819109EF2CD10EAD006C0DA5 /* PBXTargetDependency */,
			);
			name = Demo_deleteTests;
			productName = Demo_deleteTests;
			productReference = 819109ED2CD10EAD006C0DA5 /* Demo_deleteTests.xctest */;
			productType = "com.apple.product-type.bundle.unit-test";
		};
		819109F62CD10EAD006C0DA5 /* Demo_deleteUITests */ = {
			isa = PBXNativeTarget;
			buildConfigurationList = 81910A072CD10EAD006C0DA5 /* Build configuration list for PBXNativeTarget "Demo_deleteUITests" */;
			buildPhases = (
				819109F32CD10EAD006C0DA5 /* Sources */,
				819109F42CD10EAD006C0DA5 /* Frameworks */,
				819109F52CD10EAD006C0DA5 /* Resources */,
			);
			buildRules = (
			);
			dependencies = (
				819109F92CD10EAD006C0DA5 /* PBXTargetDependency */,
			);
			name = Demo_deleteUITests;
			productName = Demo_deleteUITests;
			productReference = 819109F72CD10EAD006C0DA5 /* Demo_deleteUITests.xctest */;
			productType = "com.apple.product-type.bundle.ui-testing";
		};
/* End PBXNativeTarget section */

/* Begin PBXProject section */
		819109D42CD10EA9006C0DA5 /* Project object */ = {
			isa = PBXProject;
			attributes = {
				BuildIndependentTargetsInParallel = 1;
				LastSwiftUpdateCheck = 1540;
				LastUpgradeCheck = 1540;
				TargetAttributes = {
					819109DB2CD10EA9006C0DA5 = {
						CreatedOnToolsVersion = 15.4;
					};
					819109EC2CD10EAD006C0DA5 = {
						CreatedOnToolsVersion = 15.4;
						TestTargetID = 819109DB2CD10EA9006C0DA5;
					};
					819109F62CD10EAD006C0DA5 = {
						CreatedOnToolsVersion = 15.4;
						TestTargetID = 819109DB2CD10EA9006C0DA5;
					};
				};
			};
			buildConfigurationList = 819109D72CD10EA9006C0DA5 /* Build configuration list for PBXProject "Demo_delete" */;
			compatibilityVersion = "Xcode 14.0";
			developmentRegion = en;
			hasScannedForEncodings = 0;
			knownRegions = (
				en,
				Base,
			);
			mainGroup = 819109D32CD10EA8006C0DA5;
			productRefGroup = 819109DD2CD10EA9006C0DA5 /* Products */;
			projectDirPath = "";
			projectRoot = "";
			targets = (
				819109DB2CD10EA9006C0DA5 /* Demo_delete */,
				819109EC2CD10EAD006C0DA5 /* Demo_deleteTests */,
				819109F62CD10EAD006C0DA5 /* Demo_deleteUITests */,
			);
		};
/* End PBXProject section */

/* Begin PBXResourcesBuildPhase section */
		819109DA2CD10EA9006C0DA5 /* Resources */ = {
			isa = PBXResourcesBuildPhase;
			buildActionMask = 2147483647;
			files = (
				819109E82CD10EAA006C0DA5 /* Preview Assets.xcassets in Resources */,
				819109E42CD10EAA006C0DA5 /* Assets.xcassets in Resources */,
			);
			runOnlyForDeploymentPostprocessing = 0;
		};
		819109EB2CD10EAD006C0DA5 /* Resources */ = {
			isa = PBXResourcesBuildPhase;
			buildActionMask = 2147483647;
			files = (
			);
			runOnlyForDeploymentPostprocessing = 0;
		};
		819109F52CD10EAD006C0DA5 /* Resources */ = {
			isa = PBXResourcesBuildPhase;
			buildActionMask = 2147483647;
			files = (
			);
			runOnlyForDeploymentPostprocessing = 0;
		};
/* End PBXResourcesBuildPhase section */

/* Begin PBXSourcesBuildPhase section */
		819109D82CD10EA9006C0DA5 /* Sources */ = {
			isa = PBXSourcesBuildPhase;
			buildActionMask = 2147483647;
			files = (
				819109E22CD10EA9006C0DA5 /* ContentView.swift in Sources */,
				819109E02CD10EA9006C0DA5 /* Demo_deleteApp.swift in Sources */,
			);
			runOnlyForDeploymentPostprocessing = 0;
		};
		819109E92CD10EAD006C0DA5 /* Sources */ = {
			isa = PBXSourcesBuildPhase;
			buildActionMask = 2147483647;
			files = (
				819109F22CD10EAD006C0DA5 /* Demo_deleteTests.swift in Sources */,
			);
			runOnlyForDeploymentPostprocessing = 0;
		};
		819109F32CD10EAD006C0DA5 /* Sources */ = {
			isa = PBXSourcesBuildPhase;
			buildActionMask = 2147483647;
			files = (
				819109FE2CD10EAD006C0DA5 /* Demo_deleteUITestsLaunchTests.swift in Sources */,
				819109FC2CD10EAD006C0DA5 /* Demo_deleteUITests.swift in Sources */,
			);
			runOnlyForDeploymentPostprocessing = 0;
		};
/* End PBXSourcesBuildPhase section */

/* Begin PBXTargetDependency section */
		819109EF2CD10EAD006C0DA5 /* PBXTargetDependency */ = {
			isa = PBXTargetDependency;
			target = 819109DB2CD10EA9006C0DA5 /* Demo_delete */;
			targetProxy = 819109EE2CD10EAD006C0DA5 /* PBXContainerItemProxy */;
		};
		819109F92CD10EAD006C0DA5 /* PBXTargetDependency */ = {
			isa = PBXTargetDependency;
			target = 819109DB2CD10EA9006C0DA5 /* Demo_delete */;
			targetProxy = 819109F82CD10EAD006C0DA5 /* PBXContainerItemProxy */;
		};
/* End PBXTargetDependency section */

/* Begin XCBuildConfiguration section */
		819109FF2CD10EAD006C0DA5 /* Debug */ = {
			isa = XCBuildConfiguration;
			buildSettings = {
				ALWAYS_SEARCH_USER_PATHS = NO;
				ASSETCATALOG_COMPILER_GENERATE_SWIFT_ASSET_SYMBOL_EXTENSIONS = YES;
				CLANG_ANALYZER_NONNULL = YES;
				CLANG_ANALYZER_NUMBER_OBJECT_CONVERSION = YES_AGGRESSIVE;
				CLANG_CXX_LANGUAGE_STANDARD = "gnu++20";
				CLANG_ENABLE_MODULES = YES;
				CLANG_ENABLE_OBJC_ARC = YES;
				CLANG_ENABLE_OBJC_WEAK = YES;
				CLANG_WARN_BLOCK_CAPTURE_AUTORELEASING = YES;
				CLANG_WARN_BOOL_CONVERSION = YES;
				CLANG_WARN_COMMA = YES;
				CLANG_WARN_CONSTANT_CONVERSION = YES;
				CLANG_WARN_DEPRECATED_OBJC_IMPLEMENTATIONS = YES;
				CLANG_WARN_DIRECT_OBJC_ISA_USAGE = YES_ERROR;
				CLANG_WARN_DOCUMENTATION_COMMENTS = YES;
				CLANG_WARN_EMPTY_BODY = YES;
				CLANG_WARN_ENUM_CONVERSION = YES;
				CLANG_WARN_INFINITE_RECURSION = YES;
				CLANG_WARN_INT_CONVERSION = YES;
				CLANG_WARN_NON_LITERAL_NULL_CONVERSION = YES;
				CLANG_WARN_OBJC_IMPLICIT_RETAIN_SELF = YES;
				CLANG_WARN_OBJC_LITERAL_CONVERSION = YES;
				CLANG_WARN_OBJC_ROOT_CLASS = YES_ERROR;
				CLANG_WARN_QUOTED_INCLUDE_IN_FRAMEWORK_HEADER = YES;
				CLANG_WARN_RANGE_LOOP_ANALYSIS = YES;
				CLANG_WARN_STRICT_PROTOTYPES = YES;
				CLANG_WARN_SUSPICIOUS_MOVE = YES;
				CLANG_WARN_UNGUARDED_AVAILABILITY = YES_AGGRESSIVE;
				CLANG_WARN_UNREACHABLE_CODE = YES;
				CLANG_WARN__DUPLICATE_METHOD_MATCH = YES;
				COPY_PHASE_STRIP = NO;
				DEBUG_INFORMATION_FORMAT = dwarf;
				ENABLE_STRICT_OBJC_MSGSEND = YES;
				ENABLE_TESTABILITY = YES;
				ENABLE_USER_SCRIPT_SANDBOXING = YES;
				GCC_C_LANGUAGE_STANDARD = gnu17;
				GCC_DYNAMIC_NO_PIC = NO;
				GCC_NO_COMMON_BLOCKS = YES;
				GCC_OPTIMIZATION_LEVEL = 0;
				GCC_PREPROCESSOR_DEFINITIONS = (
					"DEBUG=1",
					"$(inherited)",
				);
				GCC_WARN_64_TO_32_BIT_CONVERSION = YES;
				GCC_WARN_ABOUT_RETURN_TYPE = YES_ERROR;
				GCC_WARN_UNDECLARED_SELECTOR = YES;
				GCC_WARN_UNINITIALIZED_AUTOS = YES_AGGRESSIVE;
				GCC_WARN_UNUSED_FUNCTION = YES;
				GCC_WARN_UNUSED_VARIABLE = YES;
				LOCALIZATION_PREFERS_STRING_CATALOGS = YES;
				MTL_ENABLE_DEBUG_INFO = INCLUDE_SOURCE;
				MTL_FAST_MATH = YES;
				ONLY_ACTIVE_ARCH = YES;
				SWIFT_ACTIVE_COMPILATION_CONDITIONS = "DEBUG $(inherited)";
				SWIFT_OPTIMIZATION_LEVEL = "-Onone";
			};
			name = Debug;
		};
		81910A002CD10EAD006C0DA5 /* Release */ = {
			isa = XCBuildConfiguration;
			buildSettings = {
				ALWAYS_SEARCH_USER_PATHS = NO;
				ASSETCATALOG_COMPILER_GENERATE_SWIFT_ASSET_SYMBOL_EXTENSIONS = YES;
				CLANG_ANALYZER_NONNULL = YES;
				CLANG_ANALYZER_NUMBER_OBJECT_CONVERSION = YES_AGGRESSIVE;
				CLANG_CXX_LANGUAGE_STANDARD = "gnu++20";
				CLANG_ENABLE_MODULES = YES;
				CLANG_ENABLE_OBJC_ARC = YES;
				CLANG_ENABLE_OBJC_WEAK = YES;
				CLANG_WARN_BLOCK_CAPTURE_AUTORELEASING = YES;
				CLANG_WARN_BOOL_CONVERSION = YES;
				CLANG_WARN_COMMA = YES;
				CLANG_WARN_CONSTANT_CONVERSION = YES;
				CLANG_WARN_DEPRECATED_OBJC_IMPLEMENTATIONS = YES;
				CLANG_WARN_DIRECT_OBJC_ISA_USAGE = YES_ERROR;
				CLANG_WARN_DOCUMENTATION_COMMENTS = YES;
				CLANG_WARN_EMPTY_BODY = YES;
				CLANG_WARN_ENUM_CONVERSION = YES;
				CLANG_WARN_INFINITE_RECURSION = YES;
				CLANG_WARN_INT_CONVERSION = YES;
				CLANG_WARN_NON_LITERAL_NULL_CONVERSION = YES;
				CLANG_WARN_OBJC_IMPLICIT_RETAIN_SELF = YES;
				CLANG_WARN_OBJC_LITERAL_CONVERSION = YES;
				CLANG_WARN_OBJC_ROOT_CLASS = YES_ERROR;
				CLANG_WARN_QUOTED_INCLUDE_IN_FRAMEWORK_HEADER = YES;
				CLANG_WARN_RANGE_LOOP_ANALYSIS = YES;
				CLANG_WARN_STRICT_PROTOTYPES = YES;
				CLANG_WARN_SUSPICIOUS_MOVE = YES;
				CLANG_WARN_UNGUARDED_AVAILABILITY = YES_AGGRESSIVE;
				CLANG_WARN_UNREACHABLE_CODE = YES;
				CLANG_WARN__DUPLICATE_METHOD_MATCH = YES;
				COPY_PHASE_STRIP = NO;
				DEBUG_INFORMATION_FORMAT = "dwarf-with-dsym";
				ENABLE_NS_ASSERTIONS = NO;
				ENABLE_STRICT_OBJC_MSGSEND = YES;
				ENABLE_USER_SCRIPT_SANDBOXING = YES;
				GCC_C_LANGUAGE_STANDARD = gnu17;
				GCC_NO_COMMON_BLOCKS = YES;
				GCC_WARN_64_TO_32_BIT_CONVERSION = YES;
				GCC_WARN_ABOUT_RETURN_TYPE = YES_ERROR;
				GCC_WARN_UNDECLARED_SELECTOR = YES;
				GCC_WARN_UNINITIALIZED_AUTOS = YES_AGGRESSIVE;
				GCC_WARN_UNUSED_FUNCTION = YES;
				GCC_WARN_UNUSED_VARIABLE = YES;
				LOCALIZATION_PREFERS_STRING_CATALOGS = YES;
				MTL_ENABLE_DEBUG_INFO = NO;
				MTL_FAST_MATH = YES;
				SWIFT_COMPILATION_MODE = wholemodule;
			};
			name = Release;
		};
		81910A022CD10EAD006C0DA5 /* Debug */ = {
			isa = XCBuildConfiguration;
			buildSettings = {
				ASSETCATALOG_COMPILER_APPICON_NAME = AppIcon;
				ASSETCATALOG_COMPILER_GLOBAL_ACCENT_COLOR_NAME = AccentColor;
				CODE_SIGN_ENTITLEMENTS = Demo_delete/Demo_delete.entitlements;
				CODE_SIGN_STYLE = Automatic;
				CURRENT_PROJECT_VERSION = 1;
				DEVELOPMENT_ASSET_PATHS = "\"Demo_delete/Preview Content\"";
				ENABLE_PREVIEWS = YES;
				GENERATE_INFOPLIST_FILE = YES;
				"INFOPLIST_KEY_UIApplicationSceneManifest_Generation[sdk=iphoneos*]" = YES;
				"INFOPLIST_KEY_UIApplicationSceneManifest_Generation[sdk=iphonesimulator*]" = YES;
				"INFOPLIST_KEY_UIApplicationSupportsIndirectInputEvents[sdk=iphoneos*]" = YES;
				"INFOPLIST_KEY_UIApplicationSupportsIndirectInputEvents[sdk=iphonesimulator*]" = YES;
				"INFOPLIST_KEY_UILaunchScreen_Generation[sdk=iphoneos*]" = YES;
				"INFOPLIST_KEY_UILaunchScreen_Generation[sdk=iphonesimulator*]" = YES;
				"INFOPLIST_KEY_UIStatusBarStyle[sdk=iphoneos*]" = UIStatusBarStyleDefault;
				"INFOPLIST_KEY_UIStatusBarStyle[sdk=iphonesimulator*]" = UIStatusBarStyleDefault;
				INFOPLIST_KEY_UISupportedInterfaceOrientations_iPad = "UIInterfaceOrientationPortrait UIInterfaceOrientationPortraitUpsideDown UIInterfaceOrientationLandscapeLeft UIInterfaceOrientationLandscapeRight";
				INFOPLIST_KEY_UISupportedInterfaceOrientations_iPhone = "UIInterfaceOrientationPortrait UIInterfaceOrientationLandscapeLeft UIInterfaceOrientationLandscapeRight";
				IPHONEOS_DEPLOYMENT_TARGET = 17.5;
				LD_RUNPATH_SEARCH_PATHS = "@executable_path/Frameworks";
				"LD_RUNPATH_SEARCH_PATHS[sdk=macosx*]" = "@executable_path/../Frameworks";
				MACOSX_DEPLOYMENT_TARGET = 14.5;
				MARKETING_VERSION = 1.0;
				PRODUCT_BUNDLE_IDENTIFIER = "edu.gvsu.cis.demo.app.Demo-delete";
				PRODUCT_NAME = "$(TARGET_NAME)";
				SDKROOT = auto;
				SUPPORTED_PLATFORMS = "iphoneos iphonesimulator macosx";
				SWIFT_EMIT_LOC_STRINGS = YES;
				SWIFT_VERSION = 5.0;
				TARGETED_DEVICE_FAMILY = "1,2";
			};
			name = Debug;
		};
		81910A032CD10EAD006C0DA5 /* Release */ = {
			isa = XCBuildConfiguration;
			buildSettings = {
				ASSETCATALOG_COMPILER_APPICON_NAME = AppIcon;
				ASSETCATALOG_COMPILER_GLOBAL_ACCENT_COLOR_NAME = AccentColor;
				CODE_SIGN_ENTITLEMENTS = Demo_delete/Demo_delete.entitlements;
				CODE_SIGN_STYLE = Automatic;
				CURRENT_PROJECT_VERSION = 1;
				DEVELOPMENT_ASSET_PATHS = "\"Demo_delete/Preview Content\"";
				ENABLE_PREVIEWS = YES;
				GENERATE_INFOPLIST_FILE = YES;
				"INFOPLIST_KEY_UIApplicationSceneManifest_Generation[sdk=iphoneos*]" = YES;
				"INFOPLIST_KEY_UIApplicationSceneManifest_Generation[sdk=iphonesimulator*]" = YES;
				"INFOPLIST_KEY_UIApplicationSupportsIndirectInputEvents[sdk=iphoneos*]" = YES;
				"INFOPLIST_KEY_UIApplicationSupportsIndirectInputEvents[sdk=iphonesimulator*]" = YES;
				"INFOPLIST_KEY_UILaunchScreen_Generation[sdk=iphoneos*]" = YES;
				"INFOPLIST_KEY_UILaunchScreen_Generation[sdk=iphonesimulator*]" = YES;
				"INFOPLIST_KEY_UIStatusBarStyle[sdk=iphoneos*]" = UIStatusBarStyleDefault;
				"INFOPLIST_KEY_UIStatusBarStyle[sdk=iphonesimulator*]" = UIStatusBarStyleDefault;
				INFOPLIST_KEY_UISupportedInterfaceOrientations_iPad = "UIInterfaceOrientationPortrait UIInterfaceOrientationPortraitUpsideDown UIInterfaceOrientationLandscapeLeft UIInterfaceOrientationLandscapeRight";
				INFOPLIST_KEY_UISupportedInterfaceOrientations_iPhone = "UIInterfaceOrientationPortrait UIInterfaceOrientationLandscapeLeft UIInterfaceOrientationLandscapeRight";
				IPHONEOS_DEPLOYMENT_TARGET = 17.5;
				LD_RUNPATH_SEARCH_PATHS = "@executable_path/Frameworks";
				"LD_RUNPATH_SEARCH_PATHS[sdk=macosx*]" = "@executable_path/../Frameworks";
				MACOSX_DEPLOYMENT_TARGET = 14.5;
				MARKETING_VERSION = 1.0;
				PRODUCT_BUNDLE_IDENTIFIER = "edu.gvsu.cis.demo.app.Demo-delete";
				PRODUCT_NAME = "$(TARGET_NAME)";
				SDKROOT = auto;
				SUPPORTED_PLATFORMS = "iphoneos iphonesimulator macosx";
				SWIFT_EMIT_LOC_STRINGS = YES;
				SWIFT_VERSION = 5.0;
				TARGETED_DEVICE_FAMILY = "1,2";
			};
			name = Release;
		};
		81910A052CD10EAD006C0DA5 /* Debug */ = {
			isa = XCBuildConfiguration;
			buildSettings = {
				ALWAYS_EMBED_SWIFT_STANDARD_LIBRARIES = YES;
				BUNDLE_LOADER = "$(TEST_HOST)";
				CODE_SIGN_STYLE = Automatic;
				CURRENT_PROJECT_VERSION = 1;
				GENERATE_INFOPLIST_FILE = YES;
				IPHONEOS_DEPLOYMENT_TARGET = 17.5;
				MACOSX_DEPLOYMENT_TARGET = 14.5;
				MARKETING_VERSION = 1.0;
				PRODUCT_BUNDLE_IDENTIFIER = "edu.gvsu.cis.demo.app.Demo-deleteTests";
				PRODUCT_NAME = "$(TARGET_NAME)";
				SDKROOT = auto;
				SUPPORTED_PLATFORMS = "iphoneos iphonesimulator macosx";
				SWIFT_EMIT_LOC_STRINGS = NO;
				SWIFT_VERSION = 5.0;
				TARGETED_DEVICE_FAMILY = "1,2";
				TEST_HOST = "$(BUILT_PRODUCTS_DIR)/Demo_delete.app/$(BUNDLE_EXECUTABLE_FOLDER_PATH)/Demo_delete";
			};
			name = Debug;
		};
		81910A062CD10EAD006C0DA5 /* Release */ = {
			isa = XCBuildConfiguration;
			buildSettings = {
				ALWAYS_EMBED_SWIFT_STANDARD_LIBRARIES = YES;
				BUNDLE_LOADER = "$(TEST_HOST)";
				CODE_SIGN_STYLE = Automatic;
				CURRENT_PROJECT_VERSION = 1;
				GENERATE_INFOPLIST_FILE = YES;
				IPHONEOS_DEPLOYMENT_TARGET = 17.5;
				MACOSX_DEPLOYMENT_TARGET = 14.5;
				MARKETING_VERSION = 1.0;
				PRODUCT_BUNDLE_IDENTIFIER = "edu.gvsu.cis.demo.app.Demo-deleteTests";
				PRODUCT_NAME = "$(TARGET_NAME)";
				SDKROOT = auto;
				SUPPORTED_PLATFORMS = "iphoneos iphonesimulator macosx";
				SWIFT_EMIT_LOC_STRINGS = NO;
				SWIFT_VERSION = 5.0;
				TARGETED_DEVICE_FAMILY = "1,2";
				TEST_HOST = "$(BUILT_PRODUCTS_DIR)/Demo_delete.app/$(BUNDLE_EXECUTABLE_FOLDER_PATH)/Demo_delete";
			};
			name = Release;
		};
		81910A082CD10EAD006C0DA5 /* Debug */ = {
			isa = XCBuildConfiguration;
			buildSettings = {
				ALWAYS_EMBED_SWIFT_STANDARD_LIBRARIES = YES;
				CODE_SIGN_STYLE = Automatic;
				CURRENT_PROJECT_VERSION = 1;
				GENERATE_INFOPLIST_FILE = YES;
				IPHONEOS_DEPLOYMENT_TARGET = 17.5;
				MACOSX_DEPLOYMENT_TARGET = 14.5;
				MARKETING_VERSION = 1.0;
				PRODUCT_BUNDLE_IDENTIFIER = "edu.gvsu.cis.demo.app.Demo-deleteUITests";
				PRODUCT_NAME = "$(TARGET_NAME)";
				SDKROOT = auto;
				SUPPORTED_PLATFORMS = "iphoneos iphonesimulator macosx";
				SWIFT_EMIT_LOC_STRINGS = NO;
				SWIFT_VERSION = 5.0;
				TARGETED_DEVICE_FAMILY = "1,2";
				TEST_TARGET_NAME = Demo_delete;
			};
			name = Debug;
		};
		81910A092CD10EAD006C0DA5 /* Release */ = {
			isa = XCBuildConfiguration;
			buildSettings = {
				ALWAYS_EMBED_SWIFT_STANDARD_LIBRARIES = YES;
				CODE_SIGN_STYLE = Automatic;
				CURRENT_PROJECT_VERSION = 1;
				GENERATE_INFOPLIST_FILE = YES;
				IPHONEOS_DEPLOYMENT_TARGET = 17.5;
				MACOSX_DEPLOYMENT_TARGET = 14.5;
				MARKETING_VERSION = 1.0;
				PRODUCT_BUNDLE_IDENTIFIER = "edu.gvsu.cis.demo.app.Demo-deleteUITests";
				PRODUCT_NAME = "$(TARGET_NAME)";
				SDKROOT = auto;
				SUPPORTED_PLATFORMS = "iphoneos iphonesimulator macosx";
				SWIFT_EMIT_LOC_STRINGS = NO;
				SWIFT_VERSION = 5.0;
				TARGETED_DEVICE_FAMILY = "1,2";
				TEST_TARGET_NAME = Demo_delete;
			};
			name = Release;
		};
/* End XCBuildConfiguration section */

/* Begin XCConfigurationList section */
		819109D72CD10EA9006C0DA5 /* Build configuration list for PBXProject "Demo_delete" */ = {
			isa = XCConfigurationList;
			buildConfigurations = (
				819109FF2CD10EAD006C0DA5 /* Debug */,
				81910A002CD10EAD006C0DA5 /* Release */,
			);
			defaultConfigurationIsVisible = 0;
			defaultConfigurationName = Release;
		};
		81910A012CD10EAD006C0DA5 /* Build configuration list for PBXNativeTarget "Demo_delete" */ = {
			isa = XCConfigurationList;
			buildConfigurations = (
				81910A022CD10EAD006C0DA5 /* Debug */,
				81910A032CD10EAD006C0DA5 /* Release */,
			);
			defaultConfigurationIsVisible = 0;
			defaultConfigurationName = Release;
		};
		81910A042CD10EAD006C0DA5 /* Build configuration list for PBXNativeTarget "Demo_deleteTests" */ = {
			isa = XCConfigurationList;
			buildConfigurations = (
				81910A052CD10EAD006C0DA5 /* Debug */,
				81910A062CD10EAD006C0DA5 /* Release */,
			);
			defaultConfigurationIsVisible = 0;
			defaultConfigurationName = Release;
		};
		81910A072CD10EAD006C0DA5 /* Build configuration list for PBXNativeTarget "Demo_deleteUITests" */ = {
			isa = XCConfigurationList;
			buildConfigurations = (
				81910A082CD10EAD006C0DA5 /* Debug */,
				81910A092CD10EAD006C0DA5 /* Release */,
			);
			defaultConfigurationIsVisible = 0;
			defaultConfigurationName = Release;
		};
/* End XCConfigurationList section */
	};
	rootObject = 819109D42CD10EA9006C0DA5 /* Project object */;
}
